// !$*UTF8*$!
{
	archiveVersion = 1;
	classes = {
	};
	objectVersion = 46;
	objects = {

/* Begin PBXBuildFile section */
		7D09B3871C7AF22400E279AF /* AppDelegate.swift in Sources */ = {isa = PBXBuildFile; fileRef = 7D09B3861C7AF22400E279AF /* AppDelegate.swift */; };
		7D09B3891C7AF22400E279AF /* ViewController.swift in Sources */ = {isa = PBXBuildFile; fileRef = 7D09B3881C7AF22400E279AF /* ViewController.swift */; };
		7D09B38C1C7AF22400E279AF /* Main.storyboard in Resources */ = {isa = PBXBuildFile; fileRef = 7D09B38A1C7AF22400E279AF /* Main.storyboard */; };
		7D09B38E1C7AF22400E279AF /* Assets.xcassets in Resources */ = {isa = PBXBuildFile; fileRef = 7D09B38D1C7AF22400E279AF /* Assets.xcassets */; };
		7D09B3911C7AF22400E279AF /* LaunchScreen.storyboard in Resources */ = {isa = PBXBuildFile; fileRef = 7D09B38F1C7AF22400E279AF /* LaunchScreen.storyboard */; };
/* End PBXBuildFile section */

/* Begin PBXFileReference section */
		7D09B3831C7AF22400E279AF /* Project6B.app */ = {isa = PBXFileReference; explicitFileType = wrapper.application; includeInIndex = 0; path = Project6B.app; sourceTree = BUILT_PRODUCTS_DIR; };
		7D09B3861C7AF22400E279AF /* AppDelegate.swift */ = {isa = PBXFileReference; lastKnownFileType = sourcecode.swift; path = AppDelegate.swift; sourceTree = "<group>"; };
		7D09B3881C7AF22400E279AF /* ViewController.swift */ = {isa = PBXFileReference; lastKnownFileType = sourcecode.swift; path = ViewController.swift; sourceTree = "<group>"; };
		7D09B38B1C7AF22400E279AF /* Base */ = {isa = PBXFileReference; lastKnownFileType = file.storyboard; name = Base; path = Base.lproj/Main.storyboard; sourceTree = "<group>"; };
		7D09B38D1C7AF22400E279AF /* Assets.xcassets */ = {isa = PBXFileReference; lastKnownFileType = folder.assetcatalog; path = Assets.xcassets; sourceTree = "<group>"; };
		7D09B3901C7AF22400E279AF /* Base */ = {isa = PBXFileReference; lastKnownFileType = file.storyboard; name = Base; path = Base.lproj/LaunchScreen.storyboard; sourceTree = "<group>"; };
		7D09B3921C7AF22400E279AF /* Info.plist */ = {isa = PBXFileReference; lastKnownFileType = text.plist.xml; path = Info.plist; sourceTree = "<group>"; };
/* End PBXFileReference section */

/* Begin PBXFrameworksBuildPhase section */
		7D09B3801C7AF22400E279AF /* Frameworks */ = {
			isa = PBXFrameworksBuildPhase;
			buildActionMask = 2147483647;
			files = (
			);
			runOnlyForDeploymentPostprocessing = 0;
		};
/* End PBXFrameworksBuildPhase section */

/* Begin PBXGroup section */
		7D09B37A1C7AF22400E279AF = {
			isa = PBXGroup;
			children = (
				7D09B3851C7AF22400E279AF /* Project6B */,
				7D09B3841C7AF22400E279AF /* Products */,
			);
			sourceTree = "<group>";
		};
		7D09B3841C7AF22400E279AF /* Products */ = {
			isa = PBXGroup;
			children = (
				7D09B3831C7AF22400E279AF /* Project6B.app */,
			);
			name = Products;
			sourceTree = "<group>";
		};
		7D09B3851C7AF22400E279AF /* Project6B */ = {
			isa = PBXGroup;
			children = (
				7D09B3861C7AF22400E279AF /* AppDelegate.swift */,
				7D09B3881C7AF22400E279AF /* ViewController.swift */,
				7D09B38A1C7AF22400E279AF /* Main.storyboard */,
				7D09B38D1C7AF22400E279AF /* Assets.xcassets */,
				7D09B38F1C7AF22400E279AF /* LaunchScreen.storyboard */,
				7D09B3921C7AF22400E279AF /* Info.plist */,
			);
			path = Project6B;
			sourceTree = "<group>";
		};
/* End PBXGroup section */

/* Begin PBXNativeTarget section */
		7D09B3821C7AF22400E279AF /* Project6B */ = {
			isa = PBXNativeTarget;
			buildConfigurationList = 7D09B3951C7AF22400E279AF /* Build configuration list for PBXNativeTarget "Project6B" */;
			buildPhases = (
				7D09B37F1C7AF22400E279AF /* Sources */,
				7D09B3801C7AF22400E279AF /* Frameworks */,
				7D09B3811C7AF22400E279AF /* Resources */,
			);
			buildRules = (
			);
			dependencies = (
			);
			name = Project6B;
			productName = Project6B;
			productReference = 7D09B3831C7AF22400E279AF /* Project6B.app */;
			productType = "com.apple.product-type.application";
		};
/* End PBXNativeTarget section */

/* Begin PBXProject section */
		7D09B37B1C7AF22400E279AF /* Project object */ = {
			isa = PBXProject;
			attributes = {
				LastSwiftUpdateCheck = 0720;
				LastUpgradeCheck = 0720;
				ORGANIZATIONNAME = "Valentin PAUL";
				TargetAttributes = {
					7D09B3821C7AF22400E279AF = {
						CreatedOnToolsVersion = 7.2;
					};
				};
			};
			buildConfigurationList = 7D09B37E1C7AF22400E279AF /* Build configuration list for PBXProject "Project6B" */;
			compatibilityVersion = "Xcode 3.2";
			developmentRegion = English;
			hasScannedForEncodings = 0;
			knownRegions = (
				en,
				Base,
			);
			mainGroup = 7D09B37A1C7AF22400E279AF;
			productRefGroup = 7D09B3841C7AF22400E279AF /* Products */;
			projectDirPath = "";
			projectRoot = "";
			targets = (
				7D09B3821C7AF22400E279AF /* Project6B */,
			);
		};
/* End PBXProject section */

/* Begin PBXResourcesBuildPhase section */
		7D09B3811C7AF22400E279AF /* Resources */ = {
			isa = PBXResourcesBuildPhase;
			buildActionMask = 2147483647;
			files = (
				7D09B3911C7AF22400E279AF /* LaunchScreen.storyboard in Resources */,
				7D09B38E1C7AF22400E279AF /* Assets.xcassets in Resources */,
				7D09B38C1C7AF22400E279AF /* Main.storyboard in Resources */,
			);
			runOnlyForDeploymentPostprocessing = 0;
		};
/* End PBXResourcesBuildPhase section */

/* Begin PBXSourcesBuildPhase section */
		7D09B37F1C7AF22400E279AF /* Sources */ = {
			isa = PBXSourcesBuildPhase;
			buildActionMask = 2147483647;
			files = (
				7D09B3891C7AF22400E279AF /* ViewController.swift in Sources */,
				7D09B3871C7AF22400E279AF /* AppDelegate.swift in Sources */,
			);
			runOnlyForDeploymentPostprocessing = 0;
		};
/* End PBXSourcesBuildPhase section */

/* Begin PBXVariantGroup section */
		7D09B38A1C7AF22400E279AF /* Main.storyboard */ = {
			isa = PBXVariantGroup;
			children = (
				7D09B38B1C7AF22400E279AF /* Base */,
			);
			name = Main.storyboard;
			sourceTree = "<group>";
		};
		7D09B38F1C7AF22400E279AF /* LaunchScreen.storyboard */ = {
			isa = PBXVariantGroup;
			children = (
				7D09B3901C7AF22400E279AF /* Base */,
			);
			name = LaunchScreen.storyboard;
			sourceTree = "<group>";
		};
/* End PBXVariantGroup section */

/* Begin XCBuildConfiguration section */
		7D09B3931C7AF22400E279AF /* Debug */ = {
			isa = XCBuildConfiguration;
			buildSettings = {
				ALWAYS_SEARCH_USER_PATHS = NO;
				CLANG_CXX_LANGUAGE_STANDARD = "gnu++0x";
				CLANG_CXX_LIBRARY = "libc++";
				CLANG_ENABLE_MODULES = YES;
				CLANG_ENABLE_OBJC_ARC = YES;
				CLANG_WARN_BOOL_CONVERSION = YES;
				CLANG_WARN_CONSTANT_CONVERSION = YES;
				CLANG_WARN_DIRECT_OBJC_ISA_USAGE = YES_ERROR;
				CLANG_WARN_EMPTY_BODY = YES;
				CLANG_WARN_ENUM_CONVERSION = YES;
				CLANG_WARN_INT_CONVERSION = YES;
				CLANG_WARN_OBJC_ROOT_CLASS = YES_ERROR;
				CLANG_WARN_UNREACHABLE_CODE = YES;
				CLANG_WARN__DUPLICATE_METHOD_MATCH = YES;
				"CODE_SIGN_IDENTITY[sdk=iphoneos*]" = "iPhone Developer";
				COPY_PHASE_STRIP = NO;
				DEBUG_INFORMATION_FORMAT = dwarf;
				ENABLE_STRICT_OBJC_MSGSEND = YES;
				ENABLE_TESTABILITY = YES;
				GCC_C_LANGUAGE_STANDARD = gnu99;
				GCC_DYNAMIC_NO_PIC = NO;
				GCC_NO_COMMON_BLOCKS = YES;
				GCC_OPTIMIZATION_LEVEL = 0;
				GCC_PREPROCESSOR_DEFINITIONS = (
					"DEBUG=1",
					"$(inherited)",
				);
				GCC_WARN_64_TO_32_BIT_CONVERSION = YES;
				GCC_WARN_ABOUT_RETURN_TYPE = YES_ERROR;
				GCC_WARN_UNDECLARED_SELECTOR = YES;
				GCC_WARN_UNINITIALIZED_AUTOS = YES_AGGRESSIVE;
				GCC_WARN_UNUSED_FUNCTION = YES;
				GCC_WARN_UNUSED_VARIABLE = YES;
				IPHONEOS_DEPLOYMENT_TARGET = 9.2;
				MTL_ENABLE_DEBUG_INFO = YES;
				ONLY_ACTIVE_ARCH = YES;
				SDKROOT = iphoneos;
				SWIFT_OPTIMIZATION_LEVEL = "-Onone";
			};
			name = Debug;
		};
		7D09B3941C7AF22400E279AF /* Release */ = {
			isa = XCBuildConfiguration;
			buildSettings = {
				ALWAYS_SEARCH_USER_PATHS = NO;
				CLANG_CXX_LANGUAGE_STANDARD = "gnu++0x";
				CLANG_CXX_LIBRARY = "libc++";
				CLANG_ENABLE_MODULES = YES;
				CLANG_ENABLE_OBJC_ARC = YES;
				CLANG_WARN_BOOL_CONVERSION = YES;
				CLANG_WARN_CONSTANT_CONVERSION = YES;
				CLANG_WARN_DIRECT_OBJC_ISA_USAGE = YES_ERROR;
				CLANG_WARN_EMPTY_BODY = YES;
				CLANG_WARN_ENUM_CONVERSION = YES;
				CLANG_WARN_INT_CONVERSION = YES;
				CLANG_WARN_OBJC_ROOT_CLASS = YES_ERROR;
				CLANG_WARN_UNREACHABLE_CODE = YES;
				CLANG_WARN__DUPLICATE_METHOD_MATCH = YES;
				"CODE_SIGN_IDENTITY[sdk=iphoneos*]" = "iPhone Developer";
				COPY_PHASE_STRIP = NO;
				DEBUG_INFORMATION_FORMAT = "dwarf-with-dsym";
				ENABLE_NS_ASSERTIONS = NO;
				ENABLE_STRICT_OBJC_MSGSEND = YES;
				GCC_C_LANGUAGE_STANDARD = gnu99;
				GCC_NO_COMMON_BLOCKS = YES;
				GCC_WARN_64_TO_32_BIT_CONVERSION = YES;
				GCC_WARN_ABOUT_RETURN_TYPE = YES_ERROR;
				GCC_WARN_UNDECLARED_SELECTOR = YES;
				GCC_WARN_UNINITIALIZED_AUTOS = YES_AGGRESSIVE;
				GCC_WARN_UNUSED_FUNCTION = YES;
				GCC_WARN_UNUSED_VARIABLE = YES;
				IPHONEOS_DEPLOYMENT_TARGET = 9.2;
				MTL_ENABLE_DEBUG_INFO = NO;
				SDKROOT = iphoneos;
				VALIDATE_PRODUCT = YES;
			};
			name = Release;
		};
		7D09B3961C7AF22400E279AF /* Debug */ = {
			isa = XCBuildConfiguration;
			buildSettings = {
				ASSETCATALOG_COMPILER_APPICON_NAME = AppIcon;
				INFOPLIST_FILE = Project6B/Info.plist;
				LD_RUNPATH_SEARCH_PATHS = "$(inherited) @executable_path/Frameworks";
				PRODUCT_BUNDLE_IDENTIFIER = com.valentinpaul.Project6B;
				PRODUCT_NAME = "$(TARGET_NAME)";
			};
			name = Debug;
		};
		7D09B3971C7AF22400E279AF /* Release */ = {
			isa = XCBuildConfiguration;
			buildSettings = {
				ASSETCATALOG_COMPILER_APPICON_NAME = AppIcon;
				INFOPLIST_FILE = Project6B/Info.plist;
				LD_RUNPATH_SEARCH_PATHS = "$(inherited) @executable_path/Frameworks";
				PRODUCT_BUNDLE_IDENTIFIER = com.valentinpaul.Project6B;
				PRODUCT_NAME = "$(TARGET_NAME)";
			};
			name = Release;
		};
/* End XCBuildConfiguration section */

/* Begin XCConfigurationList section */
		7D09B37E1C7AF22400E279AF /* Build configuration list for PBXProject "Project6B" */ = {
			isa = XCConfigurationList;
			buildConfigurations = (
				7D09B3931C7AF22400E279AF /* Debug */,
				7D09B3941C7AF22400E279AF /* Release */,
			);
			defaultConfigurationIsVisible = 0;
			defaultConfigurationName = Release;
		};
		7D09B3951C7AF22400E279AF /* Build configuration list for PBXNativeTarget "Project6B" */ = {
			isa = XCConfigurationList;
			buildConfigurations = (
				7D09B3961C7AF22400E279AF /* Debug */,
				7D09B3971C7AF22400E279AF /* Release */,
			);
			defaultConfigurationIsVisible = 0;
		};
/* End XCConfigurationList section */
	};
	rootObject = 7D09B37B1C7AF22400E279AF /* Project object */;
}
